
Microsoft Visual Studio Solution File, Format Version 12.00
# Visual Studio 15
Project("{FAE04EC0-301F-11D3-BF4B-00C04F79EFBC}") = "UnityGameFramework.Runtime", "UnityGameFramework.Runtime.csproj", "{715ECD45-D44B-19C1-BBB2-4501976E6AD9}"
EndProject
Project("{FAE04EC0-301F-11D3-BF4B-00C04F79EFBC}") = "GFRobbie", "GFRobbie.csproj", "{346E2367-BE5A-6A78-70D5-5598D08185F5}"
EndProject
Project("{FAE04EC0-301F-11D3-BF4B-00C04F79EFBC}") = "UnityGameFramework.Editor", "UnityGameFramework.Editor.csproj", "{29F81653-0A78-2136-5AEA-4D66FF0F893D}"
EndProject
Global
	GlobalSection(SolutionConfigurationPlatforms) = preSolution
		Debug|Any CPU = Debug|Any CPU
		Release|Any CPU = Release|Any CPU
	EndGlobalSection
	GlobalSection(ProjectConfigurationPlatforms) = postSolution
		{715ECD45-D44B-19C1-BBB2-4501976E6AD9}.Debug|Any CPU.ActiveCfg = Debug|Any CPU
		{715ECD45-D44B-19C1-BBB2-4501976E6AD9}.Debug|Any CPU.Build.0 = Debug|Any CPU
		{715ECD45-D44B-19C1-BBB2-4501976E6AD9}.Release|Any CPU.ActiveCfg = Release|Any CPU
		{715ECD45-D44B-19C1-BBB2-4501976E6AD9}.Release|Any CPU.Build.0 = Release|Any CPU
		{346E2367-BE5A-6A78-70D5-5598D08185F5}.Debug|Any CPU.ActiveCfg = Debug|Any CPU
		{346E2367-BE5A-6A78-70D5-5598D08185F5}.Debug|Any CPU.Build.0 = Debug|Any CPU
		{346E2367-BE5A-6A78-70D5-5598D08185F5}.Release|Any CPU.ActiveCfg = Release|Any CPU
		{346E2367-BE5A-6A78-70D5-5598D08185F5}.Release|Any CPU.Build.0 = Release|Any CPU
		{29F81653-0A78-2136-5AEA-4D66FF0F893D}.Debug|Any CPU.ActiveCfg = Debug|Any CPU
		{29F81653-0A78-2136-5AEA-4D66FF0F893D}.Debug|Any CPU.Build.0 = Debug|Any CPU
		{29F81653-0A78-2136-5AEA-4D66FF0F893D}.Release|Any CPU.ActiveCfg = Release|Any CPU
		{29F81653-0A78-2136-5AEA-4D66FF0F893D}.Release|Any CPU.Build.0 = Release|Any CPU
	EndGlobalSection
	GlobalSection(SolutionProperties) = preSolution
		HideSolutionNode = FALSE
	EndGlobalSection
EndGlobal
